
Microsoft Visual Studio Solution File, Format Version 12.00
# Visual Studio Version 16
VisualStudioVersion = 16.0.28917.181
MinimumVisualStudioVersion = 10.0.40219.1
Project("{FAE04EC0-301F-11D3-BF4B-00C04F79EFBC}") = "FocalsMessenger", "FocalsMessenger\FocalsMessenger.csproj", "{AC1EF60F-5470-41D8-AA30-1DAC6F9FBDE4}"
EndProject
Global
	GlobalSection(SolutionConfigurationPlatforms) = preSolution
		Debug|Any CPU = Debug|Any CPU
		Release|Any CPU = Release|Any CPU
	EndGlobalSection
	GlobalSection(ProjectConfigurationPlatforms) = postSolution
		{AC1EF60F-5470-41D8-AA30-1DAC6F9FBDE4}.Debug|Any CPU.ActiveCfg = Debug|Any CPU
		{AC1EF60F-5470-41D8-AA30-1DAC6F9FBDE4}.Debug|Any CPU.Build.0 = Debug|Any CPU
		{AC1EF60F-5470-41D8-AA30-1DAC6F9FBDE4}.Release|Any CPU.ActiveCfg = Release|Any CPU
		{AC1EF60F-5470-41D8-AA30-1DAC6F9FBDE4}.Release|Any CPU.Build.0 = Release|Any CPU
	EndGlobalSection
	GlobalSection(SolutionProperties) = preSolution
		HideSolutionNode = FALSE
	EndGlobalSection
	GlobalSection(ExtensibilityGlobals) = postSolution
		SolutionGuid = {3F39EC30-1182-4A65-8CEF-1586A1D184C6}
	EndGlobalSection
EndGlobal
